Microsoft Visual Studio Solution File, Format Version 12.00
# Visual Studio Version 16
VisualStudioVersion = 16.0.0.0
MinimumVisualStudioVersion = 16.0.0.0
Project("{9A19103F-16F7-4668-BE54-9A1E7A4F7556}") = "PortfolioBlazor", "PortfolioBlazor\PortfolioBlazor.csproj", "{3A023A6F-7A46-473F-A94A-65CB5A60AA1E}"
EndProject
Project("{9A19103F-16F7-4668-BE54-9A1E7A4F7556}") = "PortfolioBlazor.Client", "PortfolioBlazor.Client\PortfolioBlazor.Client.csproj", "{5F8F579B-D2AE-4F99-9124-E311C0E64CBE}"
EndProject
Global
	GlobalSection(SolutionConfigurationPlatforms) = preSolution
		Debug|Any CPU = Debug|Any CPU
		Debug|x64 = Debug|x64
		Debug|x86 = Debug|x86
		Release|Any CPU = Release|Any CPU
		Release|x64 = Release|x64
		Release|x86 = Release|x86
	EndGlobalSection
	GlobalSection(ProjectConfigurationPlatforms) = postSolution
		{5F8F579B-D2AE-4F99-9124-E311C0E64CBE}.Debug|Any CPU.ActiveCfg = Debug|Any CPU
		{5F8F579B-D2AE-4F99-9124-E311C0E64CBE}.Debug|Any CPU.Build.0 = Debug|Any CPU
		{5F8F579B-D2AE-4F99-9124-E311C0E64CBE}.Debug|x64.ActiveCfg = Debug|Any CPU
		{5F8F579B-D2AE-4F99-9124-E311C0E64CBE}.Debug|x64.Build.0 = Debug|Any CPU
		{5F8F579B-D2AE-4F99-9124-E311C0E64CBE}.Debug|x86.ActiveCfg = Debug|Any CPU
		{5F8F579B-D2AE-4F99-9124-E311C0E64CBE}.Debug|x86.Build.0 = Debug|Any CPU
		{5F8F579B-D2AE-4F99-9124-E311C0E64CBE}.Release|Any CPU.ActiveCfg = Release|Any CPU
		{5F8F579B-D2AE-4F99-9124-E311C0E64CBE}.Release|Any CPU.Build.0 = Release|Any CPU
		{5F8F579B-D2AE-4F99-9124-E311C0E64CBE}.Release|x64.ActiveCfg = Release|Any CPU
		{5F8F579B-D2AE-4F99-9124-E311C0E64CBE}.Release|x64.Build.0 = Release|Any CPU
		{5F8F579B-D2AE-4F99-9124-E311C0E64CBE}.Release|x86.ActiveCfg = Release|Any CPU
		{5F8F579B-D2AE-4F99-9124-E311C0E64CBE}.Release|x86.Build.0 = Release|Any CPU
		{3A023A6F-7A46-473F-A94A-65CB5A60AA1E}.Debug|Any CPU.ActiveCfg = Debug|Any CPU
		{3A023A6F-7A46-473F-A94A-65CB5A60AA1E}.Debug|Any CPU.Build.0 = Debug|Any CPU
		{3A023A6F-7A46-473F-A94A-65CB5A60AA1E}.Debug|x64.ActiveCfg = Debug|Any CPU
		{3A023A6F-7A46-473F-A94A-65CB5A60AA1E}.Debug|x64.Build.0 = Debug|Any CPU
		{3A023A6F-7A46-473F-A94A-65CB5A60AA1E}.Debug|x86.ActiveCfg = Debug|Any CPU
		{3A023A6F-7A46-473F-A94A-65CB5A60AA1E}.Debug|x86.Build.0 = Debug|Any CPU
		{3A023A6F-7A46-473F-A94A-65CB5A60AA1E}.Release|Any CPU.ActiveCfg = Release|Any CPU
		{3A023A6F-7A46-473F-A94A-65CB5A60AA1E}.Release|Any CPU.Build.0 = Release|Any CPU
		{3A023A6F-7A46-473F-A94A-65CB5A60AA1E}.Release|x64.ActiveCfg = Release|Any CPU
		{3A023A6F-7A46-473F-A94A-65CB5A60AA1E}.Release|x64.Build.0 = Release|Any CPU
		{3A023A6F-7A46-473F-A94A-65CB5A60AA1E}.Release|x86.ActiveCfg = Release|Any CPU
		{3A023A6F-7A46-473F-A94A-65CB5A60AA1E}.Release|x86.Build.0 = Release|Any CPU
	EndGlobalSection
	GlobalSection(SolutionProperties) = preSolution
		HideSolutionNode = FALSE
	EndGlobalSection
	GlobalSection(ExtensibilityGlobals) = postSolution
		SolutionGuid = {A750A48B-FD57-46D1-9886-12BCC96D451E}
	EndGlobalSection
EndGlobal
